{
  "name": "serverless-blog-appsync-service",
  "version": "1.0.0",
  "lockfileVersion": 1,
  "requires": true,
  "dependencies": {
    "graphql": {
      "version": "0.13.2",
      "resolved": "https://registry.npmjs.org/graphql/-/graphql-0.13.2.tgz",
      "integrity": "sha512-QZ5BL8ZO/B20VA8APauGBg3GyEgZ19eduvpLWoq5x7gMmWnHoy8rlQWPLmWgFvo1yNgjSEFMesmS4R6pPr7xog==",
      "requires": {
        "iterall": "1.2.2"
      }
    },
    "iterall": {
      "version": "1.2.2",
      "resolved": "https://registry.npmjs.org/iterall/-/iterall-1.2.2.tgz",
      "integrity": "sha512-yynBb1g+RFUPY64fTrFv7nsjRrENBQJaX2UL+2Szc9REFrSNm1rpSXHGzhmAy7a9uv3vlvgBlXnf9RqmPH1/DA=="
    },
    "ramda": {
      "version": "0.25.0",
      "resolved": "https://registry.npmjs.org/ramda/-/ramda-0.25.0.tgz",
      "integrity": "sha512-GXpfrYVPwx3K7RQ6aYT8KPS8XViSXUVJT1ONhoKPE9VAleW42YE+U+8VEyGWt41EnEQW7gwecYJriTI0pKoecQ=="
    },
    "serverless-appsync-plugin": {
      "version": "1.0.1",
      "resolved": "https://registry.npmjs.org/serverless-appsync-plugin/-/serverless-appsync-plugin-1.0.1.tgz",
      "integrity": "sha512-W27PW3RUIbfXwk0d9NyQn/mcxbLx8pUVttBW4ilj+U5/f2SaP4Fb+iOI1cT+6hXJyRkd2J7FyZ3EOCafr6xF5g==",
      "requires": {
        "graphql": "0.13.2",
        "ramda": "0.25.0"
      }
    },
    "serverless-pseudo-parameters": {
      "version": "2.1.0",
      "resolved": "https://registry.npmjs.org/serverless-pseudo-parameters/-/serverless-pseudo-parameters-2.1.0.tgz",
      "integrity": "sha512-RnsvKBAjqp0gm/WWKizsxsHtok9JHZ+U7/JvRCFrst68z7b6Ktu8EDI89CyFQYjU2b4w1zSiiCYI95UbZMIIxA=="
    }
  }
}
